
Microsoft Visual Studio Solution File, Format Version 12.00
# Visual Studio Version 17
VisualStudioVersion = 17.5.33103.201
MinimumVisualStudioVersion = 10.0.40219.1
Project("{FAE04EC0-301F-11D3-BF4B-00C04F79EFBC}") = "UcakBiletim.WebUI", "UcakBiletim.WebUI\UcakBiletim.WebUI.csproj", "{A2C7AB10-A1B4-40EA-9DED-F4DDEA8C7654}"
EndProject
Project("{FAE04EC0-301F-11D3-BF4B-00C04F79EFBC}") = "UcakBiletim.Business", "UcakBiletim.Business\UcakBiletim.Business.csproj", "{8A2B66DD-EA69-410F-8A0E-A825DBC8D1D3}"
EndProject
Project("{FAE04EC0-301F-11D3-BF4B-00C04F79EFBC}") = "UcakBiletim.Core", "UcakBiletim.Core\UcakBiletim.Core.csproj", "{C5306221-EBA2-4CA9-A69B-0B3370C5CFED}"
EndProject
Project("{FAE04EC0-301F-11D3-BF4B-00C04F79EFBC}") = "UcakBiletim.DataAccess", "UcakBiletim.DataAccess\UcakBiletim.DataAccess.csproj", "{E65C7CB6-631C-40CB-855C-67432D90EAAB}"
EndProject
Project("{FAE04EC0-301F-11D3-BF4B-00C04F79EFBC}") = "UcakBiletim.Entities", "UcakBiletim.Entities\UcakBiletim.Entities.csproj", "{362F9E21-B979-4428-93AE-EB677B70C143}"
EndProject
Global
	GlobalSection(SolutionConfigurationPlatforms) = preSolution
		Debug|Any CPU = Debug|Any CPU
		Release|Any CPU = Release|Any CPU
	EndGlobalSection
	GlobalSection(ProjectConfigurationPlatforms) = postSolution
		{A2C7AB10-A1B4-40EA-9DED-F4DDEA8C7654}.Debug|Any CPU.ActiveCfg = Debug|Any CPU
		{A2C7AB10-A1B4-40EA-9DED-F4DDEA8C7654}.Debug|Any CPU.Build.0 = Debug|Any CPU
		{A2C7AB10-A1B4-40EA-9DED-F4DDEA8C7654}.Release|Any CPU.ActiveCfg = Release|Any CPU
		{A2C7AB10-A1B4-40EA-9DED-F4DDEA8C7654}.Release|Any CPU.Build.0 = Release|Any CPU
		{8A2B66DD-EA69-410F-8A0E-A825DBC8D1D3}.Debug|Any CPU.ActiveCfg = Debug|Any CPU
		{8A2B66DD-EA69-410F-8A0E-A825DBC8D1D3}.Debug|Any CPU.Build.0 = Debug|Any CPU
		{8A2B66DD-EA69-410F-8A0E-A825DBC8D1D3}.Release|Any CPU.ActiveCfg = Release|Any CPU
		{8A2B66DD-EA69-410F-8A0E-A825DBC8D1D3}.Release|Any CPU.Build.0 = Release|Any CPU
		{C5306221-EBA2-4CA9-A69B-0B3370C5CFED}.Debug|Any CPU.ActiveCfg = Debug|Any CPU
		{C5306221-EBA2-4CA9-A69B-0B3370C5CFED}.Debug|Any CPU.Build.0 = Debug|Any CPU
		{C5306221-EBA2-4CA9-A69B-0B3370C5CFED}.Release|Any CPU.ActiveCfg = Release|Any CPU
		{C5306221-EBA2-4CA9-A69B-0B3370C5CFED}.Release|Any CPU.Build.0 = Release|Any CPU
		{E65C7CB6-631C-40CB-855C-67432D90EAAB}.Debug|Any CPU.ActiveCfg = Debug|Any CPU
		{E65C7CB6-631C-40CB-855C-67432D90EAAB}.Debug|Any CPU.Build.0 = Debug|Any CPU
		{E65C7CB6-631C-40CB-855C-67432D90EAAB}.Release|Any CPU.ActiveCfg = Release|Any CPU
		{E65C7CB6-631C-40CB-855C-67432D90EAAB}.Release|Any CPU.Build.0 = Release|Any CPU
		{362F9E21-B979-4428-93AE-EB677B70C143}.Debug|Any CPU.ActiveCfg = Debug|Any CPU
		{362F9E21-B979-4428-93AE-EB677B70C143}.Debug|Any CPU.Build.0 = Debug|Any CPU
		{362F9E21-B979-4428-93AE-EB677B70C143}.Release|Any CPU.ActiveCfg = Release|Any CPU
		{362F9E21-B979-4428-93AE-EB677B70C143}.Release|Any CPU.Build.0 = Release|Any CPU
	EndGlobalSection
	GlobalSection(SolutionProperties) = preSolution
		HideSolutionNode = FALSE
	EndGlobalSection
	GlobalSection(ExtensibilityGlobals) = postSolution
		SolutionGuid = {AFA290B8-F97B-4C7D-86ED-7946E3A81575}
	EndGlobalSection
EndGlobal
